
Microsoft Visual Studio Solution File, Format Version 12.00
# Visual Studio Version 17
VisualStudioVersion = 17.9.34616.47
MinimumVisualStudioVersion = 10.0.40219.1
Project("{FAE04EC0-301F-11D3-BF4B-00C04F79EFBC}") = "Pet Grooming Appointment Reservation System", "Pet Grooming Appointment Reservation System\Pet Grooming Appointment Reservation System.csproj", "{FE1AF92E-C081-464E-9CFF-D0A1949F571F}"
EndProject
Global
	GlobalSection(SolutionConfigurationPlatforms) = preSolution
		Debug|Any CPU = Debug|Any CPU
		Release|Any CPU = Release|Any CPU
	EndGlobalSection
	GlobalSection(ProjectConfigurationPlatforms) = postSolution
		{FE1AF92E-C081-464E-9CFF-D0A1949F571F}.Debug|Any CPU.ActiveCfg = Debug|Any CPU
		{FE1AF92E-C081-464E-9CFF-D0A1949F571F}.Debug|Any CPU.Build.0 = Debug|Any CPU
		{FE1AF92E-C081-464E-9CFF-D0A1949F571F}.Release|Any CPU.ActiveCfg = Release|Any CPU
		{FE1AF92E-C081-464E-9CFF-D0A1949F571F}.Release|Any CPU.Build.0 = Release|Any CPU
	EndGlobalSection
	GlobalSection(SolutionProperties) = preSolution
		HideSolutionNode = FALSE
	EndGlobalSection
	GlobalSection(ExtensibilityGlobals) = postSolution
		SolutionGuid = {95960CCF-A07E-4D1F-BD34-DE836E472765}
	EndGlobalSection
EndGlobal
